<?xml version="1.0" encoding="utf-8"?>
<Project ToolsVersion="4.0" xmlns="http://schemas.microsoft.com/developer/msbuild/2003">
  <ItemGroup>
    <Filter Include="源文件">
      <UniqueIdentifier>{4FC737F1-C7A5-4376-A066-2A32D752A2FF}</UniqueIdentifier>
      <Extensions>cpp;c;cc;cxx;c++;cppm;ixx;def;odl;idl;hpj;bat;asm;asmx</Extensions>
    </Filter>
    <Filter Include="头文件">
      <UniqueIdentifier>{93995380-89BD-4b04-88EB-625FBE52EBFB}</UniqueIdentifier>
      <Extensions>h;hh;hpp;hxx;h++;hm;inl;inc;ipp;xsd</Extensions>
    </Filter>
    <Filter Include="资源文件">
      <UniqueIdentifier>{67DA6AB6-F800-4c08-8B7A-83BB121AAD01}</UniqueIdentifier>
      <Extensions>rc;ico;cur;bmp;dlg;rc2;rct;bin;rgs;gif;jpg;jpeg;jpe;resx;tiff;tif;png;wav;mfcribbon-ms</Extensions>
    </Filter>
    <Filter Include="资源文件\Fonts">
      <UniqueIdentifier>{648b99e0-5df0-4410-a092-f2869359e7c6}</UniqueIdentifier>
    </Filter>
    <Filter Include="资源文件\Textures">
      <UniqueIdentifier>{6aaffab0-9903-4fdd-8ef1-fb77c50765c2}</UniqueIdentifier>
    </Filter>
    <Filter Include="资源文件\Audio">
      <UniqueIdentifier>{60673e68-4aef-49e0-90b6-88a377560719}</UniqueIdentifier>
    </Filter>
    <Filter Include="源文件\Levels">
      <UniqueIdentifier>{1dfe7683-e2c0-4d5c-8217-72742d0de94b}</UniqueIdentifier>
    </Filter>
    <Filter Include="头文件\Levels">
      <UniqueIdentifier>{9c796e31-d742-4ddc-9393-05ad2556ebdb}</UniqueIdentifier>
    </Filter>
  </ItemGroup>
  <ItemGroup>
    <ClCompile Include="main.cpp">
      <Filter>源文件</Filter>
    </ClCompile>
    <ClCompile Include="engine.cpp">
      <Filter>源文件</Filter>
    </ClCompile>
    <ClCompile Include="level_2048.cpp">
      <Filter>源文件\Levels</Filter>
    </ClCompile>
    <ClCompile Include="level_Mario.cpp">
      <Filter>源文件\Levels</Filter>
    </ClCompile>
    <ClCompile Include="level_Pacman.cpp">
      <Filter>源文件\Levels</Filter>
    </ClCompile>
    <ClCompile Include="level_Snake.cpp">
      <Filter>源文件\Levels</Filter>
    </ClCompile>
    <ClCompile Include="level_Sokoban.cpp">
      <Filter>源文件\Levels</Filter>
    </ClCompile>
    <ClCompile Include="level_Tetris.cpp">
      <Filter>源文件\Levels</Filter>
    </ClCompile>
  </ItemGroup>
  <ItemGroup>
    <ClInclude Include="engine.h">
      <Filter>头文件</Filter>
    </ClInclude>
    <ClInclude Include="level_2048.h">
      <Filter>头文件\Levels</Filter>
    </ClInclude>
    <ClInclude Include="level_Mario.h">
      <Filter>头文件\Levels</Filter>
    </ClInclude>
    <ClInclude Include="level_Pacman.h">
      <Filter>头文件\Levels</Filter>
    </ClInclude>
    <ClInclude Include="level_Snake.h">
      <Filter>头文件\Levels</Filter>
    </ClInclude>
    <ClInclude Include="level_Sokoban.h">
      <Filter>头文件\Levels</Filter>
    </ClInclude>
    <ClInclude Include="level_Tetris.h">
      <Filter>头文件\Levels</Filter>
    </ClInclude>
    <ClInclude Include="resource.h">
      <Filter>头文件</Filter>
    </ClInclude>
  </ItemGroup>
</Project>